
Microsoft Visual Studio Solution File, Format Version 12.00
# Visual Studio 2012
Project("{FAE04EC0-301F-11D3-BF4B-00C04F79EFBC}") = "Ember_WebAPIAdapter", "Ember_WebAPIAdapter\Ember_WebAPIAdapter.csproj", "{20140E3F-6294-4E36-87ED-4962EAA56014}"
EndProject
Global
	GlobalSection(SolutionConfigurationPlatforms) = preSolution
		Debug|Any CPU = Debug|Any CPU
		Release|Any CPU = Release|Any CPU
	EndGlobalSection
	GlobalSection(ProjectConfigurationPlatforms) = postSolution
		{20140E3F-6294-4E36-87ED-4962EAA56014}.Debug|Any CPU.ActiveCfg = Debug|Any CPU
		{20140E3F-6294-4E36-87ED-4962EAA56014}.Debug|Any CPU.Build.0 = Debug|Any CPU
		{20140E3F-6294-4E36-87ED-4962EAA56014}.Release|Any CPU.ActiveCfg = Release|Any CPU
		{20140E3F-6294-4E36-87ED-4962EAA56014}.Release|Any CPU.Build.0 = Release|Any CPU
	EndGlobalSection
	GlobalSection(SolutionProperties) = preSolution
		HideSolutionNode = FALSE
	EndGlobalSection
EndGlobal
